
Microsoft Visual Studio Solution File, Format Version 12.00
# Visual Studio Version 17
VisualStudioVersion = 17.0.31903.59
MinimumVisualStudioVersion = 10.0.40219.1
Project("{FAE04EC0-301F-11D3-BF4B-00C04F79EFBC}") = "API", "API\API.csproj", "{42AFB517-5E12-4E0E-B4AD-E4CEAD773C28}"
EndProject
Project("{FAE04EC0-301F-11D3-BF4B-00C04F79EFBC}") = "Core", "Core\Core.csproj", "{552C8E93-F48E-4C7D-BFB6-37DDEAE7E693}"
EndProject
Project("{FAE04EC0-301F-11D3-BF4B-00C04F79EFBC}") = "Infrastructure", "Infrastructure\Infrastructure.csproj", "{9A890D7A-940C-486E-BB02-67C53A185545}"
EndProject
Global
	GlobalSection(SolutionConfigurationPlatforms) = preSolution
		Debug|Any CPU = Debug|Any CPU
		Release|Any CPU = Release|Any CPU
	EndGlobalSection
	GlobalSection(SolutionProperties) = preSolution
		HideSolutionNode = FALSE
	EndGlobalSection
	GlobalSection(ProjectConfigurationPlatforms) = postSolution
		{42AFB517-5E12-4E0E-B4AD-E4CEAD773C28}.Debug|Any CPU.ActiveCfg = Debug|Any CPU
		{42AFB517-5E12-4E0E-B4AD-E4CEAD773C28}.Debug|Any CPU.Build.0 = Debug|Any CPU
		{42AFB517-5E12-4E0E-B4AD-E4CEAD773C28}.Release|Any CPU.ActiveCfg = Release|Any CPU
		{42AFB517-5E12-4E0E-B4AD-E4CEAD773C28}.Release|Any CPU.Build.0 = Release|Any CPU
		{552C8E93-F48E-4C7D-BFB6-37DDEAE7E693}.Debug|Any CPU.ActiveCfg = Debug|Any CPU
		{552C8E93-F48E-4C7D-BFB6-37DDEAE7E693}.Debug|Any CPU.Build.0 = Debug|Any CPU
		{552C8E93-F48E-4C7D-BFB6-37DDEAE7E693}.Release|Any CPU.ActiveCfg = Release|Any CPU
		{552C8E93-F48E-4C7D-BFB6-37DDEAE7E693}.Release|Any CPU.Build.0 = Release|Any CPU
		{9A890D7A-940C-486E-BB02-67C53A185545}.Debug|Any CPU.ActiveCfg = Debug|Any CPU
		{9A890D7A-940C-486E-BB02-67C53A185545}.Debug|Any CPU.Build.0 = Debug|Any CPU
		{9A890D7A-940C-486E-BB02-67C53A185545}.Release|Any CPU.ActiveCfg = Release|Any CPU
		{9A890D7A-940C-486E-BB02-67C53A185545}.Release|Any CPU.Build.0 = Release|Any CPU
	EndGlobalSection
EndGlobal
